
Microsoft Visual Studio Solution File, Format Version 12.00
# Visual Studio 15
Project("{FAE04EC0-301F-11D3-BF4B-00C04F79EFBC}") = "Assembly-CSharp", "Assembly-CSharp.csproj", "{79C351A1-C13C-CA81-E177-596B0FE9E041}"
EndProject
Project("{FAE04EC0-301F-11D3-BF4B-00C04F79EFBC}") = "Assembly-CSharp-firstpass", "Assembly-CSharp-firstpass.csproj", "{F8FBA333-5FC6-96DA-9810-9EE35452DC57}"
EndProject
Global
	GlobalSection(SolutionConfigurationPlatforms) = preSolution
		Debug|Any CPU = Debug|Any CPU
		Release|Any CPU = Release|Any CPU
	EndGlobalSection
	GlobalSection(ProjectConfigurationPlatforms) = postSolution
		{79C351A1-C13C-CA81-E177-596B0FE9E041}.Debug|Any CPU.ActiveCfg = Debug|Any CPU
		{79C351A1-C13C-CA81-E177-596B0FE9E041}.Debug|Any CPU.Build.0 = Debug|Any CPU
		{79C351A1-C13C-CA81-E177-596B0FE9E041}.Release|Any CPU.ActiveCfg = Release|Any CPU
		{79C351A1-C13C-CA81-E177-596B0FE9E041}.Release|Any CPU.Build.0 = Release|Any CPU
		{F8FBA333-5FC6-96DA-9810-9EE35452DC57}.Debug|Any CPU.ActiveCfg = Debug|Any CPU
		{F8FBA333-5FC6-96DA-9810-9EE35452DC57}.Debug|Any CPU.Build.0 = Debug|Any CPU
		{F8FBA333-5FC6-96DA-9810-9EE35452DC57}.Release|Any CPU.ActiveCfg = Release|Any CPU
		{F8FBA333-5FC6-96DA-9810-9EE35452DC57}.Release|Any CPU.Build.0 = Release|Any CPU
	EndGlobalSection
	GlobalSection(SolutionProperties) = preSolution
		HideSolutionNode = FALSE
	EndGlobalSection
EndGlobal
